GEM
  remote: https://rubygems.org/
  specs:
    bigdecimal (3.3.1)
    logger (1.7.0)
    oj (3.16.12)
      bigdecimal (>= 3.0)
      ostruct (>= 0.2)
    ostruct (0.6.3)
    ougai (2.0.0)
      oj (~> 3.10)

PLATFORMS
  ruby
  x86_64-linux

DEPENDENCIES
  logger (~> 1.7)
  ougai (~> 2.0)

BUNDLED WITH
   2.6.9
